
Microsoft Visual Studio Solution File, Format Version 12.00
# Visual Studio 15
VisualStudioVersion = 15.0.26124.0
MinimumVisualStudioVersion = 15.0.26124.0
Project("{2150E333-8FDC-42A3-9474-1A3956D46DE8}") = "1-SRP", "1-SRP", "{59308190-D188-11EA-8F83-4DEA272303E3}"
EndProject
Project("{FAE04EC0-301F-11D3-BF4B-00C04F79EFBC}") = "Solid.Srp", "1-SRP\Solid.Srp\Solid.Srp.csproj", "{67D89BAD-FAB0-4A24-AC15-CF74628370A6}"
EndProject
Project("{2150E333-8FDC-42A3-9474-1A3956D46DE8}") = "2-OCP", "2-OCP", "{CEA61578-DF44-46F8-8BC1-CA13C8920AF5}"
EndProject
Project("{FAE04EC0-301F-11D3-BF4B-00C04F79EFBC}") = "Solid.Ocp", "2-OCP\Solid.Ocp\Solid.Ocp.csproj", "{84F9AFEE-3415-4FC8-87C6-CEA1921BF33C}"
EndProject
Project("{2150E333-8FDC-42A3-9474-1A3956D46DE8}") = "3-LSP", "3-LSP", "{9832E5B3-BC2B-4141-9036-A4834AC2CFC7}"
EndProject
Project("{FAE04EC0-301F-11D3-BF4B-00C04F79EFBC}") = "Solid.Lsp", "3-LSP\Solid.Lsp\Solid.Lsp.csproj", "{2E3FA80C-4CBA-4F78-A665-69A1456F6A05}"
EndProject
Project("{FAE04EC0-301F-11D3-BF4B-00C04F79EFBC}") = "Solid.Lsp.ConsoleApp", "3-LSP\Solid.Lsp.ConsoleApp\Solid.Lsp.ConsoleApp.csproj", "{79B18715-6519-4C24-BAA0-9BBC774ABFB7}"
EndProject
Project("{2150E333-8FDC-42A3-9474-1A3956D46DE8}") = "4-ISP", "4-ISP", "{278D51E0-2247-4A3E-87BF-5BBFD4E0554E}"
EndProject
Project("{FAE04EC0-301F-11D3-BF4B-00C04F79EFBC}") = "Solid.Isp", "4-ISP\Solid.Isp\Solid.Isp.csproj", "{54A0C8EA-2146-4319-844C-EA9A2CFA34A3}"
EndProject
Project("{2150E333-8FDC-42A3-9474-1A3956D46DE8}") = "5-DIP", "5-DIP", "{C5589C64-5074-4BAF-A556-7A4430C4E3AF}"
EndProject
Project("{FAE04EC0-301F-11D3-BF4B-00C04F79EFBC}") = "Solid.Dip", "5-DIP\Solid.Dip\Solid.Dip.csproj", "{4A53FA40-9D9B-4614-9B17-F08CB172D3B3}"
EndProject
Global
	GlobalSection(SolutionConfigurationPlatforms) = preSolution
		Debug|Any CPU = Debug|Any CPU
		Debug|x64 = Debug|x64
		Debug|x86 = Debug|x86
		Release|Any CPU = Release|Any CPU
		Release|x64 = Release|x64
		Release|x86 = Release|x86
	EndGlobalSection
	GlobalSection(SolutionProperties) = preSolution
		HideSolutionNode = FALSE
	EndGlobalSection
	GlobalSection(ProjectConfigurationPlatforms) = postSolution
		{67D89BAD-FAB0-4A24-AC15-CF74628370A6}.Debug|Any CPU.ActiveCfg = Debug|Any CPU
		{67D89BAD-FAB0-4A24-AC15-CF74628370A6}.Debug|Any CPU.Build.0 = Debug|Any CPU
		{67D89BAD-FAB0-4A24-AC15-CF74628370A6}.Debug|x64.ActiveCfg = Debug|Any CPU
		{67D89BAD-FAB0-4A24-AC15-CF74628370A6}.Debug|x64.Build.0 = Debug|Any CPU
		{67D89BAD-FAB0-4A24-AC15-CF74628370A6}.Debug|x86.ActiveCfg = Debug|Any CPU
		{67D89BAD-FAB0-4A24-AC15-CF74628370A6}.Debug|x86.Build.0 = Debug|Any CPU
		{67D89BAD-FAB0-4A24-AC15-CF74628370A6}.Release|Any CPU.ActiveCfg = Release|Any CPU
		{67D89BAD-FAB0-4A24-AC15-CF74628370A6}.Release|Any CPU.Build.0 = Release|Any CPU
		{67D89BAD-FAB0-4A24-AC15-CF74628370A6}.Release|x64.ActiveCfg = Release|Any CPU
		{67D89BAD-FAB0-4A24-AC15-CF74628370A6}.Release|x64.Build.0 = Release|Any CPU
		{67D89BAD-FAB0-4A24-AC15-CF74628370A6}.Release|x86.ActiveCfg = Release|Any CPU
		{67D89BAD-FAB0-4A24-AC15-CF74628370A6}.Release|x86.Build.0 = Release|Any CPU
		{84F9AFEE-3415-4FC8-87C6-CEA1921BF33C}.Debug|Any CPU.ActiveCfg = Debug|Any CPU
		{84F9AFEE-3415-4FC8-87C6-CEA1921BF33C}.Debug|Any CPU.Build.0 = Debug|Any CPU
		{84F9AFEE-3415-4FC8-87C6-CEA1921BF33C}.Debug|x64.ActiveCfg = Debug|Any CPU
		{84F9AFEE-3415-4FC8-87C6-CEA1921BF33C}.Debug|x64.Build.0 = Debug|Any CPU
		{84F9AFEE-3415-4FC8-87C6-CEA1921BF33C}.Debug|x86.ActiveCfg = Debug|Any CPU
		{84F9AFEE-3415-4FC8-87C6-CEA1921BF33C}.Debug|x86.Build.0 = Debug|Any CPU
		{84F9AFEE-3415-4FC8-87C6-CEA1921BF33C}.Release|Any CPU.ActiveCfg = Release|Any CPU
		{84F9AFEE-3415-4FC8-87C6-CEA1921BF33C}.Release|Any CPU.Build.0 = Release|Any CPU
		{84F9AFEE-3415-4FC8-87C6-CEA1921BF33C}.Release|x64.ActiveCfg = Release|Any CPU
		{84F9AFEE-3415-4FC8-87C6-CEA1921BF33C}.Release|x64.Build.0 = Release|Any CPU
		{84F9AFEE-3415-4FC8-87C6-CEA1921BF33C}.Release|x86.ActiveCfg = Release|Any CPU
		{84F9AFEE-3415-4FC8-87C6-CEA1921BF33C}.Release|x86.Build.0 = Release|Any CPU
		{2E3FA80C-4CBA-4F78-A665-69A1456F6A05}.Debug|Any CPU.ActiveCfg = Debug|Any CPU
		{2E3FA80C-4CBA-4F78-A665-69A1456F6A05}.Debug|Any CPU.Build.0 = Debug|Any CPU
		{2E3FA80C-4CBA-4F78-A665-69A1456F6A05}.Debug|x64.ActiveCfg = Debug|Any CPU
		{2E3FA80C-4CBA-4F78-A665-69A1456F6A05}.Debug|x64.Build.0 = Debug|Any CPU
		{2E3FA80C-4CBA-4F78-A665-69A1456F6A05}.Debug|x86.ActiveCfg = Debug|Any CPU
		{2E3FA80C-4CBA-4F78-A665-69A1456F6A05}.Debug|x86.Build.0 = Debug|Any CPU
		{2E3FA80C-4CBA-4F78-A665-69A1456F6A05}.Release|Any CPU.ActiveCfg = Release|Any CPU
		{2E3FA80C-4CBA-4F78-A665-69A1456F6A05}.Release|Any CPU.Build.0 = Release|Any CPU
		{2E3FA80C-4CBA-4F78-A665-69A1456F6A05}.Release|x64.ActiveCfg = Release|Any CPU
		{2E3FA80C-4CBA-4F78-A665-69A1456F6A05}.Release|x64.Build.0 = Release|Any CPU
		{2E3FA80C-4CBA-4F78-A665-69A1456F6A05}.Release|x86.ActiveCfg = Release|Any CPU
		{2E3FA80C-4CBA-4F78-A665-69A1456F6A05}.Release|x86.Build.0 = Release|Any CPU
		{79B18715-6519-4C24-BAA0-9BBC774ABFB7}.Debug|Any CPU.ActiveCfg = Debug|Any CPU
		{79B18715-6519-4C24-BAA0-9BBC774ABFB7}.Debug|Any CPU.Build.0 = Debug|Any CPU
		{79B18715-6519-4C24-BAA0-9BBC774ABFB7}.Debug|x64.ActiveCfg = Debug|Any CPU
		{79B18715-6519-4C24-BAA0-9BBC774ABFB7}.Debug|x64.Build.0 = Debug|Any CPU
		{79B18715-6519-4C24-BAA0-9BBC774ABFB7}.Debug|x86.ActiveCfg = Debug|Any CPU
		{79B18715-6519-4C24-BAA0-9BBC774ABFB7}.Debug|x86.Build.0 = Debug|Any CPU
		{79B18715-6519-4C24-BAA0-9BBC774ABFB7}.Release|Any CPU.ActiveCfg = Release|Any CPU
		{79B18715-6519-4C24-BAA0-9BBC774ABFB7}.Release|Any CPU.Build.0 = Release|Any CPU
		{79B18715-6519-4C24-BAA0-9BBC774ABFB7}.Release|x64.ActiveCfg = Release|Any CPU
		{79B18715-6519-4C24-BAA0-9BBC774ABFB7}.Release|x64.Build.0 = Release|Any CPU
		{79B18715-6519-4C24-BAA0-9BBC774ABFB7}.Release|x86.ActiveCfg = Release|Any CPU
		{79B18715-6519-4C24-BAA0-9BBC774ABFB7}.Release|x86.Build.0 = Release|Any CPU
		{54A0C8EA-2146-4319-844C-EA9A2CFA34A3}.Debug|Any CPU.ActiveCfg = Debug|Any CPU
		{54A0C8EA-2146-4319-844C-EA9A2CFA34A3}.Debug|Any CPU.Build.0 = Debug|Any CPU
		{54A0C8EA-2146-4319-844C-EA9A2CFA34A3}.Debug|x64.ActiveCfg = Debug|Any CPU
		{54A0C8EA-2146-4319-844C-EA9A2CFA34A3}.Debug|x64.Build.0 = Debug|Any CPU
		{54A0C8EA-2146-4319-844C-EA9A2CFA34A3}.Debug|x86.ActiveCfg = Debug|Any CPU
		{54A0C8EA-2146-4319-844C-EA9A2CFA34A3}.Debug|x86.Build.0 = Debug|Any CPU
		{54A0C8EA-2146-4319-844C-EA9A2CFA34A3}.Release|Any CPU.ActiveCfg = Release|Any CPU
		{54A0C8EA-2146-4319-844C-EA9A2CFA34A3}.Release|Any CPU.Build.0 = Release|Any CPU
		{54A0C8EA-2146-4319-844C-EA9A2CFA34A3}.Release|x64.ActiveCfg = Release|Any CPU
		{54A0C8EA-2146-4319-844C-EA9A2CFA34A3}.Release|x64.Build.0 = Release|Any CPU
		{54A0C8EA-2146-4319-844C-EA9A2CFA34A3}.Release|x86.ActiveCfg = Release|Any CPU
		{54A0C8EA-2146-4319-844C-EA9A2CFA34A3}.Release|x86.Build.0 = Release|Any CPU
		{4A53FA40-9D9B-4614-9B17-F08CB172D3B3}.Debug|Any CPU.ActiveCfg = Debug|Any CPU
		{4A53FA40-9D9B-4614-9B17-F08CB172D3B3}.Debug|Any CPU.Build.0 = Debug|Any CPU
		{4A53FA40-9D9B-4614-9B17-F08CB172D3B3}.Debug|x64.ActiveCfg = Debug|Any CPU
		{4A53FA40-9D9B-4614-9B17-F08CB172D3B3}.Debug|x64.Build.0 = Debug|Any CPU
		{4A53FA40-9D9B-4614-9B17-F08CB172D3B3}.Debug|x86.ActiveCfg = Debug|Any CPU
		{4A53FA40-9D9B-4614-9B17-F08CB172D3B3}.Debug|x86.Build.0 = Debug|Any CPU
		{4A53FA40-9D9B-4614-9B17-F08CB172D3B3}.Release|Any CPU.ActiveCfg = Release|Any CPU
		{4A53FA40-9D9B-4614-9B17-F08CB172D3B3}.Release|Any CPU.Build.0 = Release|Any CPU
		{4A53FA40-9D9B-4614-9B17-F08CB172D3B3}.Release|x64.ActiveCfg = Release|Any CPU
		{4A53FA40-9D9B-4614-9B17-F08CB172D3B3}.Release|x64.Build.0 = Release|Any CPU
		{4A53FA40-9D9B-4614-9B17-F08CB172D3B3}.Release|x86.ActiveCfg = Release|Any CPU
		{4A53FA40-9D9B-4614-9B17-F08CB172D3B3}.Release|x86.Build.0 = Release|Any CPU
	EndGlobalSection
	GlobalSection(NestedProjects) = preSolution
		{67D89BAD-FAB0-4A24-AC15-CF74628370A6} = {59308190-D188-11EA-8F83-4DEA272303E3}
		{84F9AFEE-3415-4FC8-87C6-CEA1921BF33C} = {CEA61578-DF44-46F8-8BC1-CA13C8920AF5}
		{2E3FA80C-4CBA-4F78-A665-69A1456F6A05} = {9832E5B3-BC2B-4141-9036-A4834AC2CFC7}
		{79B18715-6519-4C24-BAA0-9BBC774ABFB7} = {9832E5B3-BC2B-4141-9036-A4834AC2CFC7}
		{54A0C8EA-2146-4319-844C-EA9A2CFA34A3} = {278D51E0-2247-4A3E-87BF-5BBFD4E0554E}
		{4A53FA40-9D9B-4614-9B17-F08CB172D3B3} = {C5589C64-5074-4BAF-A556-7A4430C4E3AF}
	EndGlobalSection
EndGlobal
